// !$*UTF8*$!
{
	archiveVersion = 1;
	classes = {
	};
	objectVersion = 56;
	objects = {

/* Begin PBXBuildFile section */
		9A191BEE29C66A5700E88891 /* AppDelegate.swift in Sources */ = {isa = PBXBuildFile; fileRef = 9A191BED29C66A5700E88891 /* AppDelegate.swift */; };
		9A191BF029C66A5700E88891 /* SceneDelegate.swift in Sources */ = {isa = PBXBuildFile; fileRef = 9A191BEF29C66A5700E88891 /* SceneDelegate.swift */; };
		9A191BF829C66A5700E88891 /* TokenTrek.xcdatamodeld in Sources */ = {isa = PBXBuildFile; fileRef = 9A191BF629C66A5700E88891 /* TokenTrek.xcdatamodeld */; };
		9A191BFA29C66A5900E88891 /* Assets.xcassets in Resources */ = {isa = PBXBuildFile; fileRef = 9A191BF929C66A5900E88891 /* Assets.xcassets */; };
		9A191BFD29C66A5900E88891 /* LaunchScreen.storyboard in Resources */ = {isa = PBXBuildFile; fileRef = 9A191BFB29C66A5900E88891 /* LaunchScreen.storyboard */; };
		9A191C0629C66BF400E88891 /* GreetingViewController.swift in Sources */ = {isa = PBXBuildFile; fileRef = 9A191C0529C66BF400E88891 /* GreetingViewController.swift */; };
		9A2245FF29C886B300055A11 /* RegistrationViewController.swift in Sources */ = {isa = PBXBuildFile; fileRef = 9A2245FE29C886B300055A11 /* RegistrationViewController.swift */; };
		9A22683729CCA16E00D96435 /* UIColor.swift in Sources */ = {isa = PBXBuildFile; fileRef = 9A22683629CCA16E00D96435 /* UIColor.swift */; };
		9A3E7E3F29CCFB27004B60E8 /* Ubuntu-Regular.ttf in Resources */ = {isa = PBXBuildFile; fileRef = 9A3E7E3E29CCFB27004B60E8 /* Ubuntu-Regular.ttf */; };
		9A3E7E4129CCFC1A004B60E8 /* Fonts.swift in Sources */ = {isa = PBXBuildFile; fileRef = 9A3E7E4029CCFC1A004B60E8 /* Fonts.swift */; };
		9A3E7E4329CCFCB9004B60E8 /* Ubuntu-Bold.ttf in Resources */ = {isa = PBXBuildFile; fileRef = 9A3E7E4229CCFCB9004B60E8 /* Ubuntu-Bold.ttf */; };
		FDDB7A350D955D14229EEB4A /* Pods_TokenTrek.framework in Frameworks */ = {isa = PBXBuildFile; fileRef = 682F10EEB6BA2CCA893763B8 /* Pods_TokenTrek.framework */; };
/* End PBXBuildFile section */

/* Begin PBXFileReference section */
		1EFC5129ED918130C460C386 /* Pods-TokenTrek.release.xcconfig */ = {isa = PBXFileReference; includeInIndex = 1; lastKnownFileType = text.xcconfig; name = "Pods-TokenTrek.release.xcconfig"; path = "Target Support Files/Pods-TokenTrek/Pods-TokenTrek.release.xcconfig"; sourceTree = "<group>"; };
		682F10EEB6BA2CCA893763B8 /* Pods_TokenTrek.framework */ = {isa = PBXFileReference; explicitFileType = wrapper.framework; includeInIndex = 0; path = Pods_TokenTrek.framework; sourceTree = BUILT_PRODUCTS_DIR; };
		9A191BEA29C66A5700E88891 /* TokenTrek.app */ = {isa = PBXFileReference; explicitFileType = wrapper.application; includeInIndex = 0; path = TokenTrek.app; sourceTree = BUILT_PRODUCTS_DIR; };
		9A191BED29C66A5700E88891 /* AppDelegate.swift */ = {isa = PBXFileReference; lastKnownFileType = sourcecode.swift; path = AppDelegate.swift; sourceTree = "<group>"; };
		9A191BEF29C66A5700E88891 /* SceneDelegate.swift */ = {isa = PBXFileReference; lastKnownFileType = sourcecode.swift; path = SceneDelegate.swift; sourceTree = "<group>"; };
		9A191BF729C66A5700E88891 /* TokenTrek.xcdatamodel */ = {isa = PBXFileReference; lastKnownFileType = wrapper.xcdatamodel; path = TokenTrek.xcdatamodel; sourceTree = "<group>"; };
		9A191BF929C66A5900E88891 /* Assets.xcassets */ = {isa = PBXFileReference; lastKnownFileType = folder.assetcatalog; path = Assets.xcassets; sourceTree = "<group>"; };
		9A191BFC29C66A5900E88891 /* Base */ = {isa = PBXFileReference; lastKnownFileType = file.storyboard; name = Base; path = Base.lproj/LaunchScreen.storyboard; sourceTree = "<group>"; };
		9A191BFE29C66A5900E88891 /* Info.plist */ = {isa = PBXFileReference; lastKnownFileType = text.plist.xml; path = Info.plist; sourceTree = "<group>"; };
		9A191C0529C66BF400E88891 /* GreetingViewController.swift */ = {isa = PBXFileReference; lastKnownFileType = sourcecode.swift; path = GreetingViewController.swift; sourceTree = "<group>"; };
		9A2245FE29C886B300055A11 /* RegistrationViewController.swift */ = {isa = PBXFileReference; lastKnownFileType = sourcecode.swift; path = RegistrationViewController.swift; sourceTree = "<group>"; };
		9A22683629CCA16E00D96435 /* UIColor.swift */ = {isa = PBXFileReference; lastKnownFileType = sourcecode.swift; path = UIColor.swift; sourceTree = "<group>"; };
		9A3E7E3E29CCFB27004B60E8 /* Ubuntu-Regular.ttf */ = {isa = PBXFileReference; lastKnownFileType = file; path = "Ubuntu-Regular.ttf"; sourceTree = "<group>"; };
		9A3E7E4029CCFC1A004B60E8 /* Fonts.swift */ = {isa = PBXFileReference; lastKnownFileType = sourcecode.swift; path = Fonts.swift; sourceTree = "<group>"; };
		9A3E7E4229CCFCB9004B60E8 /* Ubuntu-Bold.ttf */ = {isa = PBXFileReference; lastKnownFileType = file; path = "Ubuntu-Bold.ttf"; sourceTree = "<group>"; };
		F6979B2814F73EBDDEF8D170 /* Pods-TokenTrek.debug.xcconfig */ = {isa = PBXFileReference; includeInIndex = 1; lastKnownFileType = text.xcconfig; name = "Pods-TokenTrek.debug.xcconfig"; path = "Target Support Files/Pods-TokenTrek/Pods-TokenTrek.debug.xcconfig"; sourceTree = "<group>"; };
/* End PBXFileReference section */

/* Begin PBXFrameworksBuildPhase section */
		9A191BE729C66A5700E88891 /* Frameworks */ = {
			isa = PBXFrameworksBuildPhase;
			buildActionMask = 2147483647;
			files = (
				FDDB7A350D955D14229EEB4A /* Pods_TokenTrek.framework in Frameworks */,
			);
			runOnlyForDeploymentPostprocessing = 0;
		};
/* End PBXFrameworksBuildPhase section */

/* Begin PBXGroup section */
		6F6C1F9B07CE59DD7ECF2822 /* Frameworks */ = {
			isa = PBXGroup;
			children = (
				682F10EEB6BA2CCA893763B8 /* Pods_TokenTrek.framework */,
			);
			name = Frameworks;
			sourceTree = "<group>";
		};
		751143C4809A32AF64F707BC /* Pods */ = {
			isa = PBXGroup;
			children = (
				F6979B2814F73EBDDEF8D170 /* Pods-TokenTrek.debug.xcconfig */,
				1EFC5129ED918130C460C386 /* Pods-TokenTrek.release.xcconfig */,
			);
			path = Pods;
			sourceTree = "<group>";
		};
		9A191BE129C66A5700E88891 = {
			isa = PBXGroup;
			children = (
				9A191BEC29C66A5700E88891 /* TokenTrek */,
				9A191BEB29C66A5700E88891 /* Products */,
				751143C4809A32AF64F707BC /* Pods */,
				6F6C1F9B07CE59DD7ECF2822 /* Frameworks */,
			);
			sourceTree = "<group>";
		};
		9A191BEB29C66A5700E88891 /* Products */ = {
			isa = PBXGroup;
			children = (
				9A191BEA29C66A5700E88891 /* TokenTrek.app */,
			);
			name = Products;
			sourceTree = "<group>";
		};
		9A191BEC29C66A5700E88891 /* TokenTrek */ = {
			isa = PBXGroup;
			children = (
				9A3E7E3D29CCFABE004B60E8 /* Fonts */,
				9A22683529CCA15000D96435 /* Resources */,
				9A191C0429C66B6A00E88891 /* Presentation */,
				9A191BED29C66A5700E88891 /* AppDelegate.swift */,
				9A191BEF29C66A5700E88891 /* SceneDelegate.swift */,
				9A191BF929C66A5900E88891 /* Assets.xcassets */,
				9A191BFB29C66A5900E88891 /* LaunchScreen.storyboard */,
				9A191BFE29C66A5900E88891 /* Info.plist */,
				9A191BF629C66A5700E88891 /* TokenTrek.xcdatamodeld */,
			);
			path = TokenTrek;
			sourceTree = "<group>";
		};
		9A191C0429C66B6A00E88891 /* Presentation */ = {
			isa = PBXGroup;
			children = (
				9A2245FB29C885FE00055A11 /* Greeting */,
				9A595F0A29C9100C009CFA38 /* Registration */,
			);
			path = Presentation;
			sourceTree = "<group>";
		};
		9A2245FB29C885FE00055A11 /* Greeting */ = {
			isa = PBXGroup;
			children = (
				9A191C0529C66BF400E88891 /* GreetingViewController.swift */,
			);
			path = Greeting;
			sourceTree = "<group>";
		};
		9A22683529CCA15000D96435 /* Resources */ = {
			isa = PBXGroup;
			children = (
				9A3E7E4029CCFC1A004B60E8 /* Fonts.swift */,
				9A22683629CCA16E00D96435 /* UIColor.swift */,
			);
			path = Resources;
			sourceTree = "<group>";
		};
		9A3E7E3D29CCFABE004B60E8 /* Fonts */ = {
			isa = PBXGroup;
			children = (
				9A3E7E4229CCFCB9004B60E8 /* Ubuntu-Bold.ttf */,
				9A3E7E3E29CCFB27004B60E8 /* Ubuntu-Regular.ttf */,
			);
			path = Fonts;
			sourceTree = "<group>";
		};
		9A595F0A29C9100C009CFA38 /* Registration */ = {
			isa = PBXGroup;
			children = (
				9A2245FE29C886B300055A11 /* RegistrationViewController.swift */,
			);
			path = Registration;
			sourceTree = "<group>";
		};
/* End PBXGroup section */

/* Begin PBXNativeTarget section */
		9A191BE929C66A5700E88891 /* TokenTrek */ = {
			isa = PBXNativeTarget;
			buildConfigurationList = 9A191C0129C66A5900E88891 /* Build configuration list for PBXNativeTarget "TokenTrek" */;
			buildPhases = (
				90677ECE383E285909A417A5 /* [CP] Check Pods Manifest.lock */,
				9A191BE629C66A5700E88891 /* Sources */,
				9A191BE729C66A5700E88891 /* Frameworks */,
				9A191BE829C66A5700E88891 /* Resources */,
				922D6A6315AEAC2DC36D87FE /* [CP] Embed Pods Frameworks */,
			);
			buildRules = (
			);
			dependencies = (
			);
			name = TokenTrek;
			productName = TokenTrek;
			productReference = 9A191BEA29C66A5700E88891 /* TokenTrek.app */;
			productType = "com.apple.product-type.application";
		};
/* End PBXNativeTarget section */

/* Begin PBXProject section */
		9A191BE229C66A5700E88891 /* Project object */ = {
			isa = PBXProject;
			attributes = {
				BuildIndependentTargetsInParallel = 1;
				LastSwiftUpdateCheck = 1420;
				LastUpgradeCheck = 1420;
				TargetAttributes = {
					9A191BE929C66A5700E88891 = {
						CreatedOnToolsVersion = 14.2;
					};
				};
			};
			buildConfigurationList = 9A191BE529C66A5700E88891 /* Build configuration list for PBXProject "TokenTrek" */;
			compatibilityVersion = "Xcode 14.0";
			developmentRegion = en;
			hasScannedForEncodings = 0;
			knownRegions = (
				en,
				Base,
			);
			mainGroup = 9A191BE129C66A5700E88891;
			productRefGroup = 9A191BEB29C66A5700E88891 /* Products */;
			projectDirPath = "";
			projectRoot = "";
			targets = (
				9A191BE929C66A5700E88891 /* TokenTrek */,
			);
		};
/* End PBXProject section */

/* Begin PBXResourcesBuildPhase section */
		9A191BE829C66A5700E88891 /* Resources */ = {
			isa = PBXResourcesBuildPhase;
			buildActionMask = 2147483647;
			files = (
				9A3E7E4329CCFCB9004B60E8 /* Ubuntu-Bold.ttf in Resources */,
				9A3E7E3F29CCFB27004B60E8 /* Ubuntu-Regular.ttf in Resources */,
				9A191BFD29C66A5900E88891 /* LaunchScreen.storyboard in Resources */,
				9A191BFA29C66A5900E88891 /* Assets.xcassets in Resources */,
			);
			runOnlyForDeploymentPostprocessing = 0;
		};
/* End PBXResourcesBuildPhase section */

/* Begin PBXShellScriptBuildPhase section */
		90677ECE383E285909A417A5 /* [CP] Check Pods Manifest.lock */ = {
			isa = PBXShellScriptBuildPhase;
			buildActionMask = 2147483647;
			files = (
			);
			inputFileListPaths = (
			);
			inputPaths = (
				"${PODS_PODFILE_DIR_PATH}/Podfile.lock",
				"${PODS_ROOT}/Manifest.lock",
			);
			name = "[CP] Check Pods Manifest.lock";
			outputFileListPaths = (
			);
			outputPaths = (
				"$(DERIVED_FILE_DIR)/Pods-TokenTrek-checkManifestLockResult.txt",
			);
			runOnlyForDeploymentPostprocessing = 0;
			shellPath = /bin/sh;
			shellScript = "diff \"${PODS_PODFILE_DIR_PATH}/Podfile.lock\" \"${PODS_ROOT}/Manifest.lock\" > /dev/null\nif [ $? != 0 ] ; then\n    # print error to STDERR\n    echo \"error: The sandbox is not in sync with the Podfile.lock. Run 'pod install' or update your CocoaPods installation.\" >&2\n    exit 1\nfi\n# This output is used by Xcode 'outputs' to avoid re-running this script phase.\necho \"SUCCESS\" > \"${SCRIPT_OUTPUT_FILE_0}\"\n";
			showEnvVarsInLog = 0;
		};
		922D6A6315AEAC2DC36D87FE /* [CP] Embed Pods Frameworks */ = {
			isa = PBXShellScriptBuildPhase;
			buildActionMask = 2147483647;
			files = (
			);
			inputFileListPaths = (
				"${PODS_ROOT}/Target Support Files/Pods-TokenTrek/Pods-TokenTrek-frameworks-${CONFIGURATION}-input-files.xcfilelist",
			);
			name = "[CP] Embed Pods Frameworks";
			outputFileListPaths = (
				"${PODS_ROOT}/Target Support Files/Pods-TokenTrek/Pods-TokenTrek-frameworks-${CONFIGURATION}-output-files.xcfilelist",
			);
			runOnlyForDeploymentPostprocessing = 0;
			shellPath = /bin/sh;
			shellScript = "\"${PODS_ROOT}/Target Support Files/Pods-TokenTrek/Pods-TokenTrek-frameworks.sh\"\n";
			showEnvVarsInLog = 0;
		};
/* End PBXShellScriptBuildPhase section */

/* Begin PBXSourcesBuildPhase section */
		9A191BE629C66A5700E88891 /* Sources */ = {
			isa = PBXSourcesBuildPhase;
			buildActionMask = 2147483647;
			files = (
				9A3E7E4129CCFC1A004B60E8 /* Fonts.swift in Sources */,
				9A2245FF29C886B300055A11 /* RegistrationViewController.swift in Sources */,
				9A22683729CCA16E00D96435 /* UIColor.swift in Sources */,
				9A191BF829C66A5700E88891 /* TokenTrek.xcdatamodeld in Sources */,
				9A191BEE29C66A5700E88891 /* AppDelegate.swift in Sources */,
				9A191C0629C66BF400E88891 /* GreetingViewController.swift in Sources */,
				9A191BF029C66A5700E88891 /* SceneDelegate.swift in Sources */,
			);
			runOnlyForDeploymentPostprocessing = 0;
		};
/* End PBXSourcesBuildPhase section */

/* Begin PBXVariantGroup section */
		9A191BFB29C66A5900E88891 /* LaunchScreen.storyboard */ = {
			isa = PBXVariantGroup;
			children = (
				9A191BFC29C66A5900E88891 /* Base */,
			);
			name = LaunchScreen.storyboard;
			sourceTree = "<group>";
		};
/* End PBXVariantGroup section */

/* Begin XCBuildConfiguration section */
		9A191BFF29C66A5900E88891 /* Debug */ = {
			isa = XCBuildConfiguration;
			buildSettings = {
				ALWAYS_SEARCH_USER_PATHS = NO;
				CLANG_ANALYZER_NONNULL = YES;
				CLANG_ANALYZER_NUMBER_OBJECT_CONVERSION = YES_AGGRESSIVE;
				CLANG_CXX_LANGUAGE_STANDARD = "gnu++20";
				CLANG_ENABLE_MODULES = YES;
				CLANG_ENABLE_OBJC_ARC = YES;
				CLANG_ENABLE_OBJC_WEAK = YES;
				CLANG_WARN_BLOCK_CAPTURE_AUTORELEASING = YES;
				CLANG_WARN_BOOL_CONVERSION = YES;
				CLANG_WARN_COMMA = YES;
				CLANG_WARN_CONSTANT_CONVERSION = YES;
				CLANG_WARN_DEPRECATED_OBJC_IMPLEMENTATIONS = YES;
				CLANG_WARN_DIRECT_OBJC_ISA_USAGE = YES_ERROR;
				CLANG_WARN_DOCUMENTATION_COMMENTS = YES;
				CLANG_WARN_EMPTY_BODY = YES;
				CLANG_WARN_ENUM_CONVERSION = YES;
				CLANG_WARN_INFINITE_RECURSION = YES;
				CLANG_WARN_INT_CONVERSION = YES;
				CLANG_WARN_NON_LITERAL_NULL_CONVERSION = YES;
				CLANG_WARN_OBJC_IMPLICIT_RETAIN_SELF = YES;
				CLANG_WARN_OBJC_LITERAL_CONVERSION = YES;
				CLANG_WARN_OBJC_ROOT_CLASS = YES_ERROR;
				CLANG_WARN_QUOTED_INCLUDE_IN_FRAMEWORK_HEADER = YES;
				CLANG_WARN_RANGE_LOOP_ANALYSIS = YES;
				CLANG_WARN_STRICT_PROTOTYPES = YES;
				CLANG_WARN_SUSPICIOUS_MOVE = YES;
				CLANG_WARN_UNGUARDED_AVAILABILITY = YES_AGGRESSIVE;
				CLANG_WARN_UNREACHABLE_CODE = YES;
				CLANG_WARN__DUPLICATE_METHOD_MATCH = YES;
				COPY_PHASE_STRIP = NO;
				DEBUG_INFORMATION_FORMAT = dwarf;
				ENABLE_STRICT_OBJC_MSGSEND = YES;
				ENABLE_TESTABILITY = YES;
				GCC_C_LANGUAGE_STANDARD = gnu11;
				GCC_DYNAMIC_NO_PIC = NO;
				GCC_NO_COMMON_BLOCKS = YES;
				GCC_OPTIMIZATION_LEVEL = 0;
				GCC_PREPROCESSOR_DEFINITIONS = (
					"DEBUG=1",
					"$(inherited)",
				);
				GCC_WARN_64_TO_32_BIT_CONVERSION = YES;
				GCC_WARN_ABOUT_RETURN_TYPE = YES_ERROR;
				GCC_WARN_UNDECLARED_SELECTOR = YES;
				GCC_WARN_UNINITIALIZED_AUTOS = YES_AGGRESSIVE;
				GCC_WARN_UNUSED_FUNCTION = YES;
				GCC_WARN_UNUSED_VARIABLE = YES;
				IPHONEOS_DEPLOYMENT_TARGET = 16.2;
				MTL_ENABLE_DEBUG_INFO = INCLUDE_SOURCE;
				MTL_FAST_MATH = YES;
				ONLY_ACTIVE_ARCH = YES;
				SDKROOT = iphoneos;
				SWIFT_ACTIVE_COMPILATION_CONDITIONS = DEBUG;
				SWIFT_OPTIMIZATION_LEVEL = "-Onone";
			};
			name = Debug;
		};
		9A191C0029C66A5900E88891 /* Release */ = {
			isa = XCBuildConfiguration;
			buildSettings = {
				ALWAYS_SEARCH_USER_PATHS = NO;
				CLANG_ANALYZER_NONNULL = YES;
				CLANG_ANALYZER_NUMBER_OBJECT_CONVERSION = YES_AGGRESSIVE;
				CLANG_CXX_LANGUAGE_STANDARD = "gnu++20";
				CLANG_ENABLE_MODULES = YES;
				CLANG_ENABLE_OBJC_ARC = YES;
				CLANG_ENABLE_OBJC_WEAK = YES;
				CLANG_WARN_BLOCK_CAPTURE_AUTORELEASING = YES;
				CLANG_WARN_BOOL_CONVERSION = YES;
				CLANG_WARN_COMMA = YES;
				CLANG_WARN_CONSTANT_CONVERSION = YES;
				CLANG_WARN_DEPRECATED_OBJC_IMPLEMENTATIONS = YES;
				CLANG_WARN_DIRECT_OBJC_ISA_USAGE = YES_ERROR;
				CLANG_WARN_DOCUMENTATION_COMMENTS = YES;
				CLANG_WARN_EMPTY_BODY = YES;
				CLANG_WARN_ENUM_CONVERSION = YES;
				CLANG_WARN_INFINITE_RECURSION = YES;
				CLANG_WARN_INT_CONVERSION = YES;
				CLANG_WARN_NON_LITERAL_NULL_CONVERSION = YES;
				CLANG_WARN_OBJC_IMPLICIT_RETAIN_SELF = YES;
				CLANG_WARN_OBJC_LITERAL_CONVERSION = YES;
				CLANG_WARN_OBJC_ROOT_CLASS = YES_ERROR;
				CLANG_WARN_QUOTED_INCLUDE_IN_FRAMEWORK_HEADER = YES;
				CLANG_WARN_RANGE_LOOP_ANALYSIS = YES;
				CLANG_WARN_STRICT_PROTOTYPES = YES;
				CLANG_WARN_SUSPICIOUS_MOVE = YES;
				CLANG_WARN_UNGUARDED_AVAILABILITY = YES_AGGRESSIVE;
				CLANG_WARN_UNREACHABLE_CODE = YES;
				CLANG_WARN__DUPLICATE_METHOD_MATCH = YES;
				COPY_PHASE_STRIP = NO;
				DEBUG_INFORMATION_FORMAT = "dwarf-with-dsym";
				ENABLE_NS_ASSERTIONS = NO;
				ENABLE_STRICT_OBJC_MSGSEND = YES;
				GCC_C_LANGUAGE_STANDARD = gnu11;
				GCC_NO_COMMON_BLOCKS = YES;
				GCC_WARN_64_TO_32_BIT_CONVERSION = YES;
				GCC_WARN_ABOUT_RETURN_TYPE = YES_ERROR;
				GCC_WARN_UNDECLARED_SELECTOR = YES;
				GCC_WARN_UNINITIALIZED_AUTOS = YES_AGGRESSIVE;
				GCC_WARN_UNUSED_FUNCTION = YES;
				GCC_WARN_UNUSED_VARIABLE = YES;
				IPHONEOS_DEPLOYMENT_TARGET = 16.2;
				MTL_ENABLE_DEBUG_INFO = NO;
				MTL_FAST_MATH = YES;
				SDKROOT = iphoneos;
				SWIFT_COMPILATION_MODE = wholemodule;
				SWIFT_OPTIMIZATION_LEVEL = "-O";
				VALIDATE_PRODUCT = YES;
			};
			name = Release;
		};
		9A191C0229C66A5900E88891 /* Debug */ = {
			isa = XCBuildConfiguration;
			baseConfigurationReference = F6979B2814F73EBDDEF8D170 /* Pods-TokenTrek.debug.xcconfig */;
			buildSettings = {
				ASSETCATALOG_COMPILER_APPICON_NAME = AppIcon;
				ASSETCATALOG_COMPILER_GLOBAL_ACCENT_COLOR_NAME = AccentColor;
				CODE_SIGN_STYLE = Automatic;
				CURRENT_PROJECT_VERSION = 1;
				GENERATE_INFOPLIST_FILE = YES;
				INFOPLIST_FILE = TokenTrek/Info.plist;
				INFOPLIST_KEY_UIApplicationSupportsIndirectInputEvents = YES;
				INFOPLIST_KEY_UILaunchStoryboardName = LaunchScreen;
				INFOPLIST_KEY_UISupportedInterfaceOrientations_iPad = "UIInterfaceOrientationPortrait UIInterfaceOrientationPortraitUpsideDown UIInterfaceOrientationLandscapeLeft UIInterfaceOrientationLandscapeRight";
				INFOPLIST_KEY_UISupportedInterfaceOrientations_iPhone = "UIInterfaceOrientationPortrait UIInterfaceOrientationLandscapeLeft UIInterfaceOrientationLandscapeRight";
				LD_RUNPATH_SEARCH_PATHS = (
					"$(inherited)",
					"@executable_path/Frameworks",
				);
				MARKETING_VERSION = 1.0;
				PRODUCT_BUNDLE_IDENTIFIER = com.TokenTrek;
				PRODUCT_NAME = "$(TARGET_NAME)";
				SWIFT_EMIT_LOC_STRINGS = YES;
				SWIFT_VERSION = 5.0;
				TARGETED_DEVICE_FAMILY = "1,2";
			};
			name = Debug;
		};
		9A191C0329C66A5900E88891 /* Release */ = {
			isa = XCBuildConfiguration;
			baseConfigurationReference = 1EFC5129ED918130C460C386 /* Pods-TokenTrek.release.xcconfig */;
			buildSettings = {
				ASSETCATALOG_COMPILER_APPICON_NAME = AppIcon;
				ASSETCATALOG_COMPILER_GLOBAL_ACCENT_COLOR_NAME = AccentColor;
				CODE_SIGN_STYLE = Automatic;
				CURRENT_PROJECT_VERSION = 1;
				GENERATE_INFOPLIST_FILE = YES;
				INFOPLIST_FILE = TokenTrek/Info.plist;
				INFOPLIST_KEY_UIApplicationSupportsIndirectInputEvents = YES;
				INFOPLIST_KEY_UILaunchStoryboardName = LaunchScreen;
				INFOPLIST_KEY_UISupportedInterfaceOrientations_iPad = "UIInterfaceOrientationPortrait UIInterfaceOrientationPortraitUpsideDown UIInterfaceOrientationLandscapeLeft UIInterfaceOrientationLandscapeRight";
				INFOPLIST_KEY_UISupportedInterfaceOrientations_iPhone = "UIInterfaceOrientationPortrait UIInterfaceOrientationLandscapeLeft UIInterfaceOrientationLandscapeRight";
				LD_RUNPATH_SEARCH_PATHS = (
					"$(inherited)",
					"@executable_path/Frameworks",
				);
				MARKETING_VERSION = 1.0;
				PRODUCT_BUNDLE_IDENTIFIER = com.TokenTrek;
				PRODUCT_NAME = "$(TARGET_NAME)";
				SWIFT_EMIT_LOC_STRINGS = YES;
				SWIFT_VERSION = 5.0;
				TARGETED_DEVICE_FAMILY = "1,2";
			};
			name = Release;
		};
/* End XCBuildConfiguration section */

/* Begin XCConfigurationList section */
		9A191BE529C66A5700E88891 /* Build configuration list for PBXProject "TokenTrek" */ = {
			isa = XCConfigurationList;
			buildConfigurations = (
				9A191BFF29C66A5900E88891 /* Debug */,
				9A191C0029C66A5900E88891 /* Release */,
			);
			defaultConfigurationIsVisible = 0;
			defaultConfigurationName = Release;
		};
		9A191C0129C66A5900E88891 /* Build configuration list for PBXNativeTarget "TokenTrek" */ = {
			isa = XCConfigurationList;
			buildConfigurations = (
				9A191C0229C66A5900E88891 /* Debug */,
				9A191C0329C66A5900E88891 /* Release */,
			);
			defaultConfigurationIsVisible = 0;
			defaultConfigurationName = Release;
		};
/* End XCConfigurationList section */

/* Begin XCVersionGroup section */
		9A191BF629C66A5700E88891 /* TokenTrek.xcdatamodeld */ = {
			isa = XCVersionGroup;
			children = (
				9A191BF729C66A5700E88891 /* TokenTrek.xcdatamodel */,
			);
			currentVersion = 9A191BF729C66A5700E88891 /* TokenTrek.xcdatamodel */;
			path = TokenTrek.xcdatamodeld;
			sourceTree = "<group>";
			versionGroupType = wrapper.xcdatamodel;
		};
/* End XCVersionGroup section */
	};
	rootObject = 9A191BE229C66A5700E88891 /* Project object */;
}
