// !$*UTF8*$!
{
	archiveVersion = 1;
	classes = {
	};
	objectVersion = 56;
	objects = {

/* Begin PBXBuildFile section */
		630E16D629DACB6700516D05 /* Coordinator.swift in Sources */ = {isa = PBXBuildFile; fileRef = 630E16D529DACB6700516D05 /* Coordinator.swift */; };
		630E16D829DACC4100516D05 /* GreetingCoordinator.swift in Sources */ = {isa = PBXBuildFile; fileRef = 630E16D729DACC4100516D05 /* GreetingCoordinator.swift */; };
		630E16DA29DACC4900516D05 /* GreetingPresenter.swift in Sources */ = {isa = PBXBuildFile; fileRef = 630E16D929DACC4900516D05 /* GreetingPresenter.swift */; };
		630E16DC29DACDD300516D05 /* AppCoordinator.swift in Sources */ = {isa = PBXBuildFile; fileRef = 630E16DB29DACDD300516D05 /* AppCoordinator.swift */; };
		6384C68D29E06AB200256A1C /* CurrencyListViewController.swift in Sources */ = {isa = PBXBuildFile; fileRef = 6384C68C29E06AB200256A1C /* CurrencyListViewController.swift */; };
		6390D3D629E35FB700239555 /* CurrencyTableViewCell.swift in Sources */ = {isa = PBXBuildFile; fileRef = 6390D3D529E35FB700239555 /* CurrencyTableViewCell.swift */; };
		639998D429E841C500819493 /* CurrencyListCoordinator.swift in Sources */ = {isa = PBXBuildFile; fileRef = 639998D329E841C500819493 /* CurrencyListCoordinator.swift */; };
		639998D629E841CF00819493 /* CurrencyListPresenter.swift in Sources */ = {isa = PBXBuildFile; fileRef = 639998D529E841CF00819493 /* CurrencyListPresenter.swift */; };
		63C74D3F29EC29D20040E52C /* Coin.swift in Sources */ = {isa = PBXBuildFile; fileRef = 63C74D3E29EC29D20040E52C /* Coin.swift */; };
		63C74D4429EC86FA0040E52C /* UIImageView.swift in Sources */ = {isa = PBXBuildFile; fileRef = 63C74D4329EC86FA0040E52C /* UIImageView.swift */; };
		63C74D4629EC8DE00040E52C /* Double.swift in Sources */ = {isa = PBXBuildFile; fileRef = 63C74D4529EC8DE00040E52C /* Double.swift */; };
		7498B2D4B74C3BF76B43E12E /* Pods_TokenTrek.framework in Frameworks */ = {isa = PBXBuildFile; fileRef = A0265C2B4D2F94E7A0A1B085 /* Pods_TokenTrek.framework */; };
		7C188DD52A2688640023F611 /* GoogleService-Info.plist in Resources */ = {isa = PBXBuildFile; fileRef = 7C188DD42A2688640023F611 /* GoogleService-Info.plist */; };
		7C2259292A277EA7009714E5 /* AuthError.swift in Sources */ = {isa = PBXBuildFile; fileRef = 7C2259282A277EA7009714E5 /* AuthError.swift */; };
		7C22592B2A27836A009714E5 /* SignUpResult.swift in Sources */ = {isa = PBXBuildFile; fileRef = 7C22592A2A27836A009714E5 /* SignUpResult.swift */; };
		7C22592D2A278721009714E5 /* SignUpState.swift in Sources */ = {isa = PBXBuildFile; fileRef = 7C22592C2A278721009714E5 /* SignUpState.swift */; };
		7C22592F2A278BB4009714E5 /* RegistrationCoordinator.swift in Sources */ = {isa = PBXBuildFile; fileRef = 7C22592E2A278BB4009714E5 /* RegistrationCoordinator.swift */; };
		7C396C272A265E2300B1D4CD /* RegistrationPresenter.swift in Sources */ = {isa = PBXBuildFile; fileRef = 7C396C262A265E2300B1D4CD /* RegistrationPresenter.swift */; };
		7C4FFA8C29F6A9C200BCD10F /* DetailViewController.swift in Sources */ = {isa = PBXBuildFile; fileRef = 7C4FFA8B29F6A9C200BCD10F /* DetailViewController.swift */; };
		7C7C085F2A197C0500AACD88 /* CoreDataManager.swift in Sources */ = {isa = PBXBuildFile; fileRef = 7C7C085E2A197C0500AACD88 /* CoreDataManager.swift */; };
		7C990D4F2A1B77D000997657 /* TokenTrek.xcdatamodeld in Sources */ = {isa = PBXBuildFile; fileRef = 7C990D4D2A1B77CF00997657 /* TokenTrek.xcdatamodeld */; };
		7C9ADC232A1B7E6200A42515 /* CoinMO+CoreDataClass.swift in Sources */ = {isa = PBXBuildFile; fileRef = 7C9ADC1F2A1B7E6200A42515 /* CoinMO+CoreDataClass.swift */; };
		7C9ADC242A1B7E6200A42515 /* CoinMO+CoreDataProperties.swift in Sources */ = {isa = PBXBuildFile; fileRef = 7C9ADC202A1B7E6200A42515 /* CoinMO+CoreDataProperties.swift */; };
		7C9ADC252A1B7E6200A42515 /* SparklineIn7DMO+CoreDataClass.swift in Sources */ = {isa = PBXBuildFile; fileRef = 7C9ADC212A1B7E6200A42515 /* SparklineIn7DMO+CoreDataClass.swift */; };
		7C9ADC262A1B7E6200A42515 /* SparklineIn7DMO+CoreDataProperties.swift in Sources */ = {isa = PBXBuildFile; fileRef = 7C9ADC222A1B7E6200A42515 /* SparklineIn7DMO+CoreDataProperties.swift */; };
		7CAEA2BB29FB04C100B8AA59 /* CoinTarget.swift in Sources */ = {isa = PBXBuildFile; fileRef = 7CAEA2BA29FB04C100B8AA59 /* CoinTarget.swift */; };
		7CAEA2BD29FB06C600B8AA59 /* NetworkManager.swift in Sources */ = {isa = PBXBuildFile; fileRef = 7CAEA2BC29FB06C600B8AA59 /* NetworkManager.swift */; };
		7CCED3092A0D223100577ED9 /* SearchViewController.swift in Sources */ = {isa = PBXBuildFile; fileRef = 7CCED3082A0D223100577ED9 /* SearchViewController.swift */; };
		7CCED30D2A0D2EDE00577ED9 /* CustomTitleView.swift in Sources */ = {isa = PBXBuildFile; fileRef = 7CCED30C2A0D2EDE00577ED9 /* CustomTitleView.swift */; };
		7CD4070A2A03FE11003A5756 /* CustomMarkerView.swift in Sources */ = {isa = PBXBuildFile; fileRef = 7CD407092A03FE11003A5756 /* CustomMarkerView.swift */; };
		7CD41DF32A1A44C200207C78 /* SearchViewPresenter.swift in Sources */ = {isa = PBXBuildFile; fileRef = 7CD41DF22A1A44C200207C78 /* SearchViewPresenter.swift */; };
		7CD41DF52A1A464F00207C78 /* SearchViewCoordinator.swift in Sources */ = {isa = PBXBuildFile; fileRef = 7CD41DF42A1A464F00207C78 /* SearchViewCoordinator.swift */; };
		7CE2164E2A27DAF80040ED90 /* SignInResult.swift in Sources */ = {isa = PBXBuildFile; fileRef = 7CE2164D2A27DAF80040ED90 /* SignInResult.swift */; };
		7CEEC2CF2A2793B500A1E5C2 /* LoginCoordinator.swift in Sources */ = {isa = PBXBuildFile; fileRef = 7CEEC2CC2A2793B500A1E5C2 /* LoginCoordinator.swift */; };
		7CEEC2D02A2793B500A1E5C2 /* LoginViewController.swift in Sources */ = {isa = PBXBuildFile; fileRef = 7CEEC2CD2A2793B500A1E5C2 /* LoginViewController.swift */; };
		7CEEC2D12A2793B500A1E5C2 /* LoginPresenter.swift in Sources */ = {isa = PBXBuildFile; fileRef = 7CEEC2CE2A2793B500A1E5C2 /* LoginPresenter.swift */; };
		7CEFBCC02A29224A0058FD42 /* DetailViewPresenter.swift in Sources */ = {isa = PBXBuildFile; fileRef = 7CEFBCBF2A29224A0058FD42 /* DetailViewPresenter.swift */; };
		7CF379F42A04602B00BA2110 /* CurrencyListState.swift in Sources */ = {isa = PBXBuildFile; fileRef = 7CF379F32A04602B00BA2110 /* CurrencyListState.swift */; };
		7CF379F72A04626C00BA2110 /* ErrorView.swift in Sources */ = {isa = PBXBuildFile; fileRef = 7CF379F62A04626C00BA2110 /* ErrorView.swift */; };
		7CF419472A2EA6C800F89D60 /* PercentChangeButtonState.swift in Sources */ = {isa = PBXBuildFile; fileRef = 7CF419462A2EA6C800F89D60 /* PercentChangeButtonState.swift */; };
		7CFDB4AA2A274D110090826B /* FirebaseService.swift in Sources */ = {isa = PBXBuildFile; fileRef = 7CFDB4A92A274D110090826B /* FirebaseService.swift */; };
		7CFDB4AD2A274FBA0090826B /* Validators.swift in Sources */ = {isa = PBXBuildFile; fileRef = 7CFDB4AC2A274FBA0090826B /* Validators.swift */; };
		9A191BEE29C66A5700E88891 /* AppDelegate.swift in Sources */ = {isa = PBXBuildFile; fileRef = 9A191BED29C66A5700E88891 /* AppDelegate.swift */; };
		9A191BF029C66A5700E88891 /* SceneDelegate.swift in Sources */ = {isa = PBXBuildFile; fileRef = 9A191BEF29C66A5700E88891 /* SceneDelegate.swift */; };
		9A191BFA29C66A5900E88891 /* Assets.xcassets in Resources */ = {isa = PBXBuildFile; fileRef = 9A191BF929C66A5900E88891 /* Assets.xcassets */; };
		9A191BFD29C66A5900E88891 /* LaunchScreen.storyboard in Resources */ = {isa = PBXBuildFile; fileRef = 9A191BFB29C66A5900E88891 /* LaunchScreen.storyboard */; };
		9A191C0629C66BF400E88891 /* GreetingViewController.swift in Sources */ = {isa = PBXBuildFile; fileRef = 9A191C0529C66BF400E88891 /* GreetingViewController.swift */; };
		9A2245FF29C886B300055A11 /* RegistrationViewController.swift in Sources */ = {isa = PBXBuildFile; fileRef = 9A2245FE29C886B300055A11 /* RegistrationViewController.swift */; };
		9A22683729CCA16E00D96435 /* UIColor.swift in Sources */ = {isa = PBXBuildFile; fileRef = 9A22683629CCA16E00D96435 /* UIColor.swift */; };
		9A3E7E3F29CCFB27004B60E8 /* Ubuntu-Regular.ttf in Resources */ = {isa = PBXBuildFile; fileRef = 9A3E7E3E29CCFB27004B60E8 /* Ubuntu-Regular.ttf */; };
		9A3E7E4129CCFC1A004B60E8 /* Fonts.swift in Sources */ = {isa = PBXBuildFile; fileRef = 9A3E7E4029CCFC1A004B60E8 /* Fonts.swift */; };
		9A3E7E4329CCFCB9004B60E8 /* Ubuntu-Bold.ttf in Resources */ = {isa = PBXBuildFile; fileRef = 9A3E7E4229CCFCB9004B60E8 /* Ubuntu-Bold.ttf */; };
/* End PBXBuildFile section */

/* Begin PBXFileReference section */
		630E16D529DACB6700516D05 /* Coordinator.swift */ = {isa = PBXFileReference; lastKnownFileType = sourcecode.swift; path = Coordinator.swift; sourceTree = "<group>"; };
		630E16D729DACC4100516D05 /* GreetingCoordinator.swift */ = {isa = PBXFileReference; lastKnownFileType = sourcecode.swift; path = GreetingCoordinator.swift; sourceTree = "<group>"; };
		630E16D929DACC4900516D05 /* GreetingPresenter.swift */ = {isa = PBXFileReference; lastKnownFileType = sourcecode.swift; path = GreetingPresenter.swift; sourceTree = "<group>"; };
		630E16DB29DACDD300516D05 /* AppCoordinator.swift */ = {isa = PBXFileReference; lastKnownFileType = sourcecode.swift; path = AppCoordinator.swift; sourceTree = "<group>"; };
		6384C68C29E06AB200256A1C /* CurrencyListViewController.swift */ = {isa = PBXFileReference; lastKnownFileType = sourcecode.swift; path = CurrencyListViewController.swift; sourceTree = "<group>"; };
		6390D3D529E35FB700239555 /* CurrencyTableViewCell.swift */ = {isa = PBXFileReference; lastKnownFileType = sourcecode.swift; path = CurrencyTableViewCell.swift; sourceTree = "<group>"; };
		639998D329E841C500819493 /* CurrencyListCoordinator.swift */ = {isa = PBXFileReference; lastKnownFileType = sourcecode.swift; path = CurrencyListCoordinator.swift; sourceTree = "<group>"; };
		639998D529E841CF00819493 /* CurrencyListPresenter.swift */ = {isa = PBXFileReference; lastKnownFileType = sourcecode.swift; path = CurrencyListPresenter.swift; sourceTree = "<group>"; };
		63C74D3E29EC29D20040E52C /* Coin.swift */ = {isa = PBXFileReference; lastKnownFileType = sourcecode.swift; path = Coin.swift; sourceTree = "<group>"; };
		63C74D4329EC86FA0040E52C /* UIImageView.swift */ = {isa = PBXFileReference; lastKnownFileType = sourcecode.swift; path = UIImageView.swift; sourceTree = "<group>"; };
		63C74D4529EC8DE00040E52C /* Double.swift */ = {isa = PBXFileReference; lastKnownFileType = sourcecode.swift; path = Double.swift; sourceTree = "<group>"; };
		7C188DD42A2688640023F611 /* GoogleService-Info.plist */ = {isa = PBXFileReference; fileEncoding = 4; lastKnownFileType = text.plist.xml; path = "GoogleService-Info.plist"; sourceTree = "<group>"; };
		7C2259282A277EA7009714E5 /* AuthError.swift */ = {isa = PBXFileReference; lastKnownFileType = sourcecode.swift; path = AuthError.swift; sourceTree = "<group>"; };
		7C22592A2A27836A009714E5 /* SignUpResult.swift */ = {isa = PBXFileReference; lastKnownFileType = sourcecode.swift; path = SignUpResult.swift; sourceTree = "<group>"; };
		7C22592C2A278721009714E5 /* SignUpState.swift */ = {isa = PBXFileReference; fileEncoding = 4; lastKnownFileType = sourcecode.swift; path = SignUpState.swift; sourceTree = "<group>"; };
		7C22592E2A278BB4009714E5 /* RegistrationCoordinator.swift */ = {isa = PBXFileReference; lastKnownFileType = sourcecode.swift; path = RegistrationCoordinator.swift; sourceTree = "<group>"; };
		7C396C262A265E2300B1D4CD /* RegistrationPresenter.swift */ = {isa = PBXFileReference; lastKnownFileType = sourcecode.swift; path = RegistrationPresenter.swift; sourceTree = "<group>"; };
		7C4FFA8B29F6A9C200BCD10F /* DetailViewController.swift */ = {isa = PBXFileReference; lastKnownFileType = sourcecode.swift; path = DetailViewController.swift; sourceTree = "<group>"; };
		7C7C085E2A197C0500AACD88 /* CoreDataManager.swift */ = {isa = PBXFileReference; lastKnownFileType = sourcecode.swift; path = CoreDataManager.swift; sourceTree = "<group>"; };
		7C990D4E2A1B77CF00997657 /* TokenTrek.xcdatamodel */ = {isa = PBXFileReference; lastKnownFileType = wrapper.xcdatamodel; path = TokenTrek.xcdatamodel; sourceTree = "<group>"; };
		7C9ADC1F2A1B7E6200A42515 /* CoinMO+CoreDataClass.swift */ = {isa = PBXFileReference; fileEncoding = 4; lastKnownFileType = sourcecode.swift; path = "CoinMO+CoreDataClass.swift"; sourceTree = "<group>"; };
		7C9ADC202A1B7E6200A42515 /* CoinMO+CoreDataProperties.swift */ = {isa = PBXFileReference; fileEncoding = 4; lastKnownFileType = sourcecode.swift; path = "CoinMO+CoreDataProperties.swift"; sourceTree = "<group>"; };
		7C9ADC212A1B7E6200A42515 /* SparklineIn7DMO+CoreDataClass.swift */ = {isa = PBXFileReference; fileEncoding = 4; lastKnownFileType = sourcecode.swift; path = "SparklineIn7DMO+CoreDataClass.swift"; sourceTree = "<group>"; };
		7C9ADC222A1B7E6200A42515 /* SparklineIn7DMO+CoreDataProperties.swift */ = {isa = PBXFileReference; fileEncoding = 4; lastKnownFileType = sourcecode.swift; path = "SparklineIn7DMO+CoreDataProperties.swift"; sourceTree = "<group>"; };
		7CAEA2BA29FB04C100B8AA59 /* CoinTarget.swift */ = {isa = PBXFileReference; lastKnownFileType = sourcecode.swift; path = CoinTarget.swift; sourceTree = "<group>"; };
		7CAEA2BC29FB06C600B8AA59 /* NetworkManager.swift */ = {isa = PBXFileReference; lastKnownFileType = sourcecode.swift; path = NetworkManager.swift; sourceTree = "<group>"; };
		7CCED3082A0D223100577ED9 /* SearchViewController.swift */ = {isa = PBXFileReference; lastKnownFileType = sourcecode.swift; path = SearchViewController.swift; sourceTree = "<group>"; };
		7CCED30C2A0D2EDE00577ED9 /* CustomTitleView.swift */ = {isa = PBXFileReference; lastKnownFileType = sourcecode.swift; path = CustomTitleView.swift; sourceTree = "<group>"; };
		7CD407092A03FE11003A5756 /* CustomMarkerView.swift */ = {isa = PBXFileReference; lastKnownFileType = sourcecode.swift; path = CustomMarkerView.swift; sourceTree = "<group>"; };
		7CD41DF22A1A44C200207C78 /* SearchViewPresenter.swift */ = {isa = PBXFileReference; lastKnownFileType = sourcecode.swift; path = SearchViewPresenter.swift; sourceTree = "<group>"; };
		7CD41DF42A1A464F00207C78 /* SearchViewCoordinator.swift */ = {isa = PBXFileReference; lastKnownFileType = sourcecode.swift; path = SearchViewCoordinator.swift; sourceTree = "<group>"; };
		7CE2164D2A27DAF80040ED90 /* SignInResult.swift */ = {isa = PBXFileReference; lastKnownFileType = sourcecode.swift; path = SignInResult.swift; sourceTree = "<group>"; };
		7CEEC2CC2A2793B500A1E5C2 /* LoginCoordinator.swift */ = {isa = PBXFileReference; fileEncoding = 4; lastKnownFileType = sourcecode.swift; path = LoginCoordinator.swift; sourceTree = "<group>"; };
		7CEEC2CD2A2793B500A1E5C2 /* LoginViewController.swift */ = {isa = PBXFileReference; fileEncoding = 4; lastKnownFileType = sourcecode.swift; path = LoginViewController.swift; sourceTree = "<group>"; };
		7CEEC2CE2A2793B500A1E5C2 /* LoginPresenter.swift */ = {isa = PBXFileReference; fileEncoding = 4; lastKnownFileType = sourcecode.swift; path = LoginPresenter.swift; sourceTree = "<group>"; };
		7CEFBCBF2A29224A0058FD42 /* DetailViewPresenter.swift */ = {isa = PBXFileReference; lastKnownFileType = sourcecode.swift; path = DetailViewPresenter.swift; sourceTree = "<group>"; };
		7CF379F32A04602B00BA2110 /* CurrencyListState.swift */ = {isa = PBXFileReference; lastKnownFileType = sourcecode.swift; path = CurrencyListState.swift; sourceTree = "<group>"; };
		7CF379F62A04626C00BA2110 /* ErrorView.swift */ = {isa = PBXFileReference; lastKnownFileType = sourcecode.swift; path = ErrorView.swift; sourceTree = "<group>"; };
		7CF419462A2EA6C800F89D60 /* PercentChangeButtonState.swift */ = {isa = PBXFileReference; lastKnownFileType = sourcecode.swift; path = PercentChangeButtonState.swift; sourceTree = "<group>"; };
		7CFDB4A92A274D110090826B /* FirebaseService.swift */ = {isa = PBXFileReference; lastKnownFileType = sourcecode.swift; path = FirebaseService.swift; sourceTree = "<group>"; };
		7CFDB4AC2A274FBA0090826B /* Validators.swift */ = {isa = PBXFileReference; lastKnownFileType = sourcecode.swift; path = Validators.swift; sourceTree = "<group>"; };
		8D34D8C47A1B9CE1AC49DA69 /* Pods-TokenTrek.release.xcconfig */ = {isa = PBXFileReference; includeInIndex = 1; lastKnownFileType = text.xcconfig; name = "Pods-TokenTrek.release.xcconfig"; path = "Target Support Files/Pods-TokenTrek/Pods-TokenTrek.release.xcconfig"; sourceTree = "<group>"; };
		9A191BEA29C66A5700E88891 /* TokenTrek.app */ = {isa = PBXFileReference; explicitFileType = wrapper.application; includeInIndex = 0; path = TokenTrek.app; sourceTree = BUILT_PRODUCTS_DIR; };
		9A191BED29C66A5700E88891 /* AppDelegate.swift */ = {isa = PBXFileReference; lastKnownFileType = sourcecode.swift; path = AppDelegate.swift; sourceTree = "<group>"; };
		9A191BEF29C66A5700E88891 /* SceneDelegate.swift */ = {isa = PBXFileReference; lastKnownFileType = sourcecode.swift; path = SceneDelegate.swift; sourceTree = "<group>"; };
		9A191BF929C66A5900E88891 /* Assets.xcassets */ = {isa = PBXFileReference; lastKnownFileType = folder.assetcatalog; path = Assets.xcassets; sourceTree = "<group>"; };
		9A191BFC29C66A5900E88891 /* Base */ = {isa = PBXFileReference; lastKnownFileType = file.storyboard; name = Base; path = Base.lproj/LaunchScreen.storyboard; sourceTree = "<group>"; };
		9A191BFE29C66A5900E88891 /* Info.plist */ = {isa = PBXFileReference; lastKnownFileType = text.plist.xml; path = Info.plist; sourceTree = "<group>"; };
		9A191C0529C66BF400E88891 /* GreetingViewController.swift */ = {isa = PBXFileReference; lastKnownFileType = sourcecode.swift; path = GreetingViewController.swift; sourceTree = "<group>"; };
		9A2245FE29C886B300055A11 /* RegistrationViewController.swift */ = {isa = PBXFileReference; lastKnownFileType = sourcecode.swift; path = RegistrationViewController.swift; sourceTree = "<group>"; };
		9A22683629CCA16E00D96435 /* UIColor.swift */ = {isa = PBXFileReference; lastKnownFileType = sourcecode.swift; path = UIColor.swift; sourceTree = "<group>"; };
		9A3E7E3E29CCFB27004B60E8 /* Ubuntu-Regular.ttf */ = {isa = PBXFileReference; lastKnownFileType = file; path = "Ubuntu-Regular.ttf"; sourceTree = "<group>"; };
		9A3E7E4029CCFC1A004B60E8 /* Fonts.swift */ = {isa = PBXFileReference; lastKnownFileType = sourcecode.swift; path = Fonts.swift; sourceTree = "<group>"; };
		9A3E7E4229CCFCB9004B60E8 /* Ubuntu-Bold.ttf */ = {isa = PBXFileReference; lastKnownFileType = file; path = "Ubuntu-Bold.ttf"; sourceTree = "<group>"; };
		A0265C2B4D2F94E7A0A1B085 /* Pods_TokenTrek.framework */ = {isa = PBXFileReference; explicitFileType = wrapper.framework; includeInIndex = 0; path = Pods_TokenTrek.framework; sourceTree = BUILT_PRODUCTS_DIR; };
		ED2AE1782135A0DE265A705C /* Pods-TokenTrek.debug.xcconfig */ = {isa = PBXFileReference; includeInIndex = 1; lastKnownFileType = text.xcconfig; name = "Pods-TokenTrek.debug.xcconfig"; path = "Target Support Files/Pods-TokenTrek/Pods-TokenTrek.debug.xcconfig"; sourceTree = "<group>"; };
/* End PBXFileReference section */

/* Begin PBXFrameworksBuildPhase section */
		9A191BE729C66A5700E88891 /* Frameworks */ = {
			isa = PBXFrameworksBuildPhase;
			buildActionMask = 2147483647;
			files = (
				7498B2D4B74C3BF76B43E12E /* Pods_TokenTrek.framework in Frameworks */,
			);
			runOnlyForDeploymentPostprocessing = 0;
		};
/* End PBXFrameworksBuildPhase section */

/* Begin PBXGroup section */
		01E0BF10A8EE97C27C9A171A /* Frameworks */ = {
			isa = PBXGroup;
			children = (
				A0265C2B4D2F94E7A0A1B085 /* Pods_TokenTrek.framework */,
			);
			name = Frameworks;
			sourceTree = "<group>";
		};
		637D856429EC014B007129E9 /* Services */ = {
			isa = PBXGroup;
			children = (
				7CAEA2BA29FB04C100B8AA59 /* CoinTarget.swift */,
				7CAEA2BC29FB06C600B8AA59 /* NetworkManager.swift */,
				7C7C085E2A197C0500AACD88 /* CoreDataManager.swift */,
				7CFDB4A92A274D110090826B /* FirebaseService.swift */,
			);
			path = Services;
			sourceTree = "<group>";
		};
		6384C68B29E069F000256A1C /* CurrencyList */ = {
			isa = PBXGroup;
			children = (
				639998DB29E8420700819493 /* View */,
				639998D329E841C500819493 /* CurrencyListCoordinator.swift */,
				639998D529E841CF00819493 /* CurrencyListPresenter.swift */,
			);
			path = CurrencyList;
			sourceTree = "<group>";
		};
		6390D3D729E35FCB00239555 /* Model */ = {
			isa = PBXGroup;
			children = (
				7C9ADC1E2A1B7E6200A42515 /* CoreData */,
				63C74D3E29EC29D20040E52C /* Coin.swift */,
			);
			path = Model;
			sourceTree = "<group>";
		};
		639998DB29E8420700819493 /* View */ = {
			isa = PBXGroup;
			children = (
				7CF379F52A04625200BA2110 /* Components */,
				6384C68C29E06AB200256A1C /* CurrencyListViewController.swift */,
			);
			path = View;
			sourceTree = "<group>";
		};
		63C74D4229EC85910040E52C /* Extensions */ = {
			isa = PBXGroup;
			children = (
				9A22683629CCA16E00D96435 /* UIColor.swift */,
				63C74D4329EC86FA0040E52C /* UIImageView.swift */,
				63C74D4529EC8DE00040E52C /* Double.swift */,
			);
			path = Extensions;
			sourceTree = "<group>";
		};
		751143C4809A32AF64F707BC /* Pods */ = {
			isa = PBXGroup;
			children = (
				ED2AE1782135A0DE265A705C /* Pods-TokenTrek.debug.xcconfig */,
				8D34D8C47A1B9CE1AC49DA69 /* Pods-TokenTrek.release.xcconfig */,
			);
			path = Pods;
			sourceTree = "<group>";
		};
		7C2B0D5D2A03F217007B14A1 /* Marker */ = {
			isa = PBXGroup;
			children = (
				7CD407092A03FE11003A5756 /* CustomMarkerView.swift */,
			);
			path = Marker;
			sourceTree = "<group>";
		};
		7C4FFA8A29F6A99800BCD10F /* Detail */ = {
			isa = PBXGroup;
			children = (
				7C4FFA8D29F6A9F600BCD10F /* View */,
				7CEFBCBF2A29224A0058FD42 /* DetailViewPresenter.swift */,
			);
			path = Detail;
			sourceTree = "<group>";
		};
		7C4FFA8D29F6A9F600BCD10F /* View */ = {
			isa = PBXGroup;
			children = (
				7C4FFA8B29F6A9C200BCD10F /* DetailViewController.swift */,
				7CCED30E2A0D41F100577ED9 /* Components */,
			);
			path = View;
			sourceTree = "<group>";
		};
		7C9ADC1E2A1B7E6200A42515 /* CoreData */ = {
			isa = PBXGroup;
			children = (
				7C9ADC1F2A1B7E6200A42515 /* CoinMO+CoreDataClass.swift */,
				7C9ADC202A1B7E6200A42515 /* CoinMO+CoreDataProperties.swift */,
				7C9ADC212A1B7E6200A42515 /* SparklineIn7DMO+CoreDataClass.swift */,
				7C9ADC222A1B7E6200A42515 /* SparklineIn7DMO+CoreDataProperties.swift */,
			);
			path = CoreData;
			sourceTree = "<group>";
		};
		7CCED3072A0D221D00577ED9 /* Search */ = {
			isa = PBXGroup;
			children = (
				7CD41DF62A1A54BA00207C78 /* View */,
				7CD41DF22A1A44C200207C78 /* SearchViewPresenter.swift */,
				7CD41DF42A1A464F00207C78 /* SearchViewCoordinator.swift */,
			);
			path = Search;
			sourceTree = "<group>";
		};
		7CCED30E2A0D41F100577ED9 /* Components */ = {
			isa = PBXGroup;
			children = (
				7CCED30C2A0D2EDE00577ED9 /* CustomTitleView.swift */,
				7C2B0D5D2A03F217007B14A1 /* Marker */,
			);
			path = Components;
			sourceTree = "<group>";
		};
		7CD41DF62A1A54BA00207C78 /* View */ = {
			isa = PBXGroup;
			children = (
				7CCED3082A0D223100577ED9 /* SearchViewController.swift */,
			);
			path = View;
			sourceTree = "<group>";
		};
		7CEEC2CB2A2793B500A1E5C2 /* Login */ = {
			isa = PBXGroup;
			children = (
				7CEEC2CC2A2793B500A1E5C2 /* LoginCoordinator.swift */,
				7CEEC2CD2A2793B500A1E5C2 /* LoginViewController.swift */,
				7CEEC2CE2A2793B500A1E5C2 /* LoginPresenter.swift */,
			);
			name = Login;
			path = TokenTrek/Presentation/Login;
			sourceTree = SOURCE_ROOT;
		};
		7CF379F52A04625200BA2110 /* Components */ = {
			isa = PBXGroup;
			children = (
				6390D3D529E35FB700239555 /* CurrencyTableViewCell.swift */,
				7CF379F62A04626C00BA2110 /* ErrorView.swift */,
			);
			path = Components;
			sourceTree = "<group>";
		};
		7CFDB4AB2A274F870090826B /* Helpers */ = {
			isa = PBXGroup;
			children = (
				630E16D529DACB6700516D05 /* Coordinator.swift */,
				7CFDB4AC2A274FBA0090826B /* Validators.swift */,
				7CF379F32A04602B00BA2110 /* CurrencyListState.swift */,
				7C2259282A277EA7009714E5 /* AuthError.swift */,
				7C22592C2A278721009714E5 /* SignUpState.swift */,
				7C22592A2A27836A009714E5 /* SignUpResult.swift */,
				7CE2164D2A27DAF80040ED90 /* SignInResult.swift */,
				7CF419462A2EA6C800F89D60 /* PercentChangeButtonState.swift */,
			);
			path = Helpers;
			sourceTree = "<group>";
		};
		9A191BE129C66A5700E88891 = {
			isa = PBXGroup;
			children = (
				9A191BEC29C66A5700E88891 /* TokenTrek */,
				9A191BEB29C66A5700E88891 /* Products */,
				751143C4809A32AF64F707BC /* Pods */,
				01E0BF10A8EE97C27C9A171A /* Frameworks */,
			);
			sourceTree = "<group>";
		};
		9A191BEB29C66A5700E88891 /* Products */ = {
			isa = PBXGroup;
			children = (
				9A191BEA29C66A5700E88891 /* TokenTrek.app */,
			);
			name = Products;
			sourceTree = "<group>";
		};
		9A191BEC29C66A5700E88891 /* TokenTrek */ = {
			isa = PBXGroup;
			children = (
				7CFDB4AB2A274F870090826B /* Helpers */,
				637D856429EC014B007129E9 /* Services */,
				6390D3D729E35FCB00239555 /* Model */,
				9A3E7E3D29CCFABE004B60E8 /* Fonts */,
				9A22683529CCA15000D96435 /* Resources */,
				9A191C0429C66B6A00E88891 /* Presentation */,
				9A191BED29C66A5700E88891 /* AppDelegate.swift */,
				9A191BEF29C66A5700E88891 /* SceneDelegate.swift */,
				9A191BF929C66A5900E88891 /* Assets.xcassets */,
				9A191BFB29C66A5900E88891 /* LaunchScreen.storyboard */,
				9A191BFE29C66A5900E88891 /* Info.plist */,
				7C188DD42A2688640023F611 /* GoogleService-Info.plist */,
				7C990D4D2A1B77CF00997657 /* TokenTrek.xcdatamodeld */,
				630E16DB29DACDD300516D05 /* AppCoordinator.swift */,
			);
			path = TokenTrek;
			sourceTree = "<group>";
		};
		9A191C0429C66B6A00E88891 /* Presentation */ = {
			isa = PBXGroup;
			children = (
				7CCED3072A0D221D00577ED9 /* Search */,
				7C4FFA8A29F6A99800BCD10F /* Detail */,
				6384C68B29E069F000256A1C /* CurrencyList */,
				9A2245FB29C885FE00055A11 /* Greeting */,
				7CEEC2CB2A2793B500A1E5C2 /* Login */,
				9A595F0A29C9100C009CFA38 /* Registration */,
			);
			path = Presentation;
			sourceTree = "<group>";
		};
		9A2245FB29C885FE00055A11 /* Greeting */ = {
			isa = PBXGroup;
			children = (
				9A191C0529C66BF400E88891 /* GreetingViewController.swift */,
				630E16D729DACC4100516D05 /* GreetingCoordinator.swift */,
				630E16D929DACC4900516D05 /* GreetingPresenter.swift */,
			);
			path = Greeting;
			sourceTree = "<group>";
		};
		9A22683529CCA15000D96435 /* Resources */ = {
			isa = PBXGroup;
			children = (
				9A3E7E4029CCFC1A004B60E8 /* Fonts.swift */,
				63C74D4229EC85910040E52C /* Extensions */,
			);
			path = Resources;
			sourceTree = "<group>";
		};
		9A3E7E3D29CCFABE004B60E8 /* Fonts */ = {
			isa = PBXGroup;
			children = (
				9A3E7E4229CCFCB9004B60E8 /* Ubuntu-Bold.ttf */,
				9A3E7E3E29CCFB27004B60E8 /* Ubuntu-Regular.ttf */,
			);
			path = Fonts;
			sourceTree = "<group>";
		};
		9A595F0A29C9100C009CFA38 /* Registration */ = {
			isa = PBXGroup;
			children = (
				9A2245FE29C886B300055A11 /* RegistrationViewController.swift */,
				7C396C262A265E2300B1D4CD /* RegistrationPresenter.swift */,
				7C22592E2A278BB4009714E5 /* RegistrationCoordinator.swift */,
			);
			path = Registration;
			sourceTree = "<group>";
		};
/* End PBXGroup section */

/* Begin PBXNativeTarget section */
		9A191BE929C66A5700E88891 /* TokenTrek */ = {
			isa = PBXNativeTarget;
			buildConfigurationList = 9A191C0129C66A5900E88891 /* Build configuration list for PBXNativeTarget "TokenTrek" */;
			buildPhases = (
				105EE06A9208BE737902380E /* [CP] Check Pods Manifest.lock */,
				9A191BE629C66A5700E88891 /* Sources */,
				9A191BE729C66A5700E88891 /* Frameworks */,
				9A191BE829C66A5700E88891 /* Resources */,
				B1602523132B489FC0608997 /* [CP] Embed Pods Frameworks */,
				7CA8FE2C2A2E935D00223D1E /* ShellScript */,
			);
			buildRules = (
			);
			dependencies = (
			);
			name = TokenTrek;
			productName = TokenTrek;
			productReference = 9A191BEA29C66A5700E88891 /* TokenTrek.app */;
			productType = "com.apple.product-type.application";
		};
/* End PBXNativeTarget section */

/* Begin PBXProject section */
		9A191BE229C66A5700E88891 /* Project object */ = {
			isa = PBXProject;
			attributes = {
				BuildIndependentTargetsInParallel = 1;
				LastSwiftUpdateCheck = 1420;
				LastUpgradeCheck = 1420;
				TargetAttributes = {
					9A191BE929C66A5700E88891 = {
						CreatedOnToolsVersion = 14.2;
					};
				};
			};
			buildConfigurationList = 9A191BE529C66A5700E88891 /* Build configuration list for PBXProject "TokenTrek" */;
			compatibilityVersion = "Xcode 14.0";
			developmentRegion = en;
			hasScannedForEncodings = 0;
			knownRegions = (
				en,
				Base,
			);
			mainGroup = 9A191BE129C66A5700E88891;
			productRefGroup = 9A191BEB29C66A5700E88891 /* Products */;
			projectDirPath = "";
			projectRoot = "";
			targets = (
				9A191BE929C66A5700E88891 /* TokenTrek */,
			);
		};
/* End PBXProject section */

/* Begin PBXResourcesBuildPhase section */
		9A191BE829C66A5700E88891 /* Resources */ = {
			isa = PBXResourcesBuildPhase;
			buildActionMask = 2147483647;
			files = (
				9A3E7E4329CCFCB9004B60E8 /* Ubuntu-Bold.ttf in Resources */,
				9A3E7E3F29CCFB27004B60E8 /* Ubuntu-Regular.ttf in Resources */,
				7C188DD52A2688640023F611 /* GoogleService-Info.plist in Resources */,
				9A191BFD29C66A5900E88891 /* LaunchScreen.storyboard in Resources */,
				9A191BFA29C66A5900E88891 /* Assets.xcassets in Resources */,
			);
			runOnlyForDeploymentPostprocessing = 0;
		};
/* End PBXResourcesBuildPhase section */

/* Begin PBXShellScriptBuildPhase section */
		105EE06A9208BE737902380E /* [CP] Check Pods Manifest.lock */ = {
			isa = PBXShellScriptBuildPhase;
			buildActionMask = 2147483647;
			files = (
			);
			inputFileListPaths = (
			);
			inputPaths = (
				"${PODS_PODFILE_DIR_PATH}/Podfile.lock",
				"${PODS_ROOT}/Manifest.lock",
			);
			name = "[CP] Check Pods Manifest.lock";
			outputFileListPaths = (
			);
			outputPaths = (
				"$(DERIVED_FILE_DIR)/Pods-TokenTrek-checkManifestLockResult.txt",
			);
			runOnlyForDeploymentPostprocessing = 0;
			shellPath = /bin/sh;
			shellScript = "diff \"${PODS_PODFILE_DIR_PATH}/Podfile.lock\" \"${PODS_ROOT}/Manifest.lock\" > /dev/null\nif [ $? != 0 ] ; then\n    # print error to STDERR\n    echo \"error: The sandbox is not in sync with the Podfile.lock. Run 'pod install' or update your CocoaPods installation.\" >&2\n    exit 1\nfi\n# This output is used by Xcode 'outputs' to avoid re-running this script phase.\necho \"SUCCESS\" > \"${SCRIPT_OUTPUT_FILE_0}\"\n";
			showEnvVarsInLog = 0;
		};
		7CA8FE2C2A2E935D00223D1E /* ShellScript */ = {
			isa = PBXShellScriptBuildPhase;
			buildActionMask = 2147483647;
			files = (
			);
			inputFileListPaths = (
			);
			inputPaths = (
			);
			outputFileListPaths = (
			);
			outputPaths = (
			);
			runOnlyForDeploymentPostprocessing = 0;
			shellPath = /bin/sh;
			shellScript = "\"${PODS_ROOT}/SwiftLint/swiftlint\"\n";
		};
		B1602523132B489FC0608997 /* [CP] Embed Pods Frameworks */ = {
			isa = PBXShellScriptBuildPhase;
			buildActionMask = 2147483647;
			files = (
			);
			inputFileListPaths = (
				"${PODS_ROOT}/Target Support Files/Pods-TokenTrek/Pods-TokenTrek-frameworks-${CONFIGURATION}-input-files.xcfilelist",
			);
			name = "[CP] Embed Pods Frameworks";
			outputFileListPaths = (
				"${PODS_ROOT}/Target Support Files/Pods-TokenTrek/Pods-TokenTrek-frameworks-${CONFIGURATION}-output-files.xcfilelist",
			);
			runOnlyForDeploymentPostprocessing = 0;
			shellPath = /bin/sh;
			shellScript = "\"${PODS_ROOT}/Target Support Files/Pods-TokenTrek/Pods-TokenTrek-frameworks.sh\"\n";
			showEnvVarsInLog = 0;
		};
/* End PBXShellScriptBuildPhase section */

/* Begin PBXSourcesBuildPhase section */
		9A191BE629C66A5700E88891 /* Sources */ = {
			isa = PBXSourcesBuildPhase;
			buildActionMask = 2147483647;
			files = (
				7CF379F72A04626C00BA2110 /* ErrorView.swift in Sources */,
				7C990D4F2A1B77D000997657 /* TokenTrek.xcdatamodeld in Sources */,
				7CAEA2BD29FB06C600B8AA59 /* NetworkManager.swift in Sources */,
				630E16DC29DACDD300516D05 /* AppCoordinator.swift in Sources */,
				7CEEC2D12A2793B500A1E5C2 /* LoginPresenter.swift in Sources */,
				7CD41DF52A1A464F00207C78 /* SearchViewCoordinator.swift in Sources */,
				630E16D629DACB6700516D05 /* Coordinator.swift in Sources */,
				7CAEA2BB29FB04C100B8AA59 /* CoinTarget.swift in Sources */,
				639998D429E841C500819493 /* CurrencyListCoordinator.swift in Sources */,
				7CD41DF32A1A44C200207C78 /* SearchViewPresenter.swift in Sources */,
				630E16DA29DACC4900516D05 /* GreetingPresenter.swift in Sources */,
				6384C68D29E06AB200256A1C /* CurrencyListViewController.swift in Sources */,
				7CCED3092A0D223100577ED9 /* SearchViewController.swift in Sources */,
				7CFDB4AD2A274FBA0090826B /* Validators.swift in Sources */,
				639998D629E841CF00819493 /* CurrencyListPresenter.swift in Sources */,
				7C4FFA8C29F6A9C200BCD10F /* DetailViewController.swift in Sources */,
				7CF379F42A04602B00BA2110 /* CurrencyListState.swift in Sources */,
				9A3E7E4129CCFC1A004B60E8 /* Fonts.swift in Sources */,
				6390D3D629E35FB700239555 /* CurrencyTableViewCell.swift in Sources */,
				9A2245FF29C886B300055A11 /* RegistrationViewController.swift in Sources */,
				7C2259292A277EA7009714E5 /* AuthError.swift in Sources */,
				9A22683729CCA16E00D96435 /* UIColor.swift in Sources */,
				7C7C085F2A197C0500AACD88 /* CoreDataManager.swift in Sources */,
				7C396C272A265E2300B1D4CD /* RegistrationPresenter.swift in Sources */,
				7CE2164E2A27DAF80040ED90 /* SignInResult.swift in Sources */,
				7CFDB4AA2A274D110090826B /* FirebaseService.swift in Sources */,
				7C22592B2A27836A009714E5 /* SignUpResult.swift in Sources */,
				63C74D4429EC86FA0040E52C /* UIImageView.swift in Sources */,
				7C22592D2A278721009714E5 /* SignUpState.swift in Sources */,
				9A191BEE29C66A5700E88891 /* AppDelegate.swift in Sources */,
				630E16D829DACC4100516D05 /* GreetingCoordinator.swift in Sources */,
				7CEEC2CF2A2793B500A1E5C2 /* LoginCoordinator.swift in Sources */,
				9A191C0629C66BF400E88891 /* GreetingViewController.swift in Sources */,
				7CD4070A2A03FE11003A5756 /* CustomMarkerView.swift in Sources */,
				7C9ADC242A1B7E6200A42515 /* CoinMO+CoreDataProperties.swift in Sources */,
				7CEEC2D02A2793B500A1E5C2 /* LoginViewController.swift in Sources */,
				7C22592F2A278BB4009714E5 /* RegistrationCoordinator.swift in Sources */,
				9A191BF029C66A5700E88891 /* SceneDelegate.swift in Sources */,
				7CCED30D2A0D2EDE00577ED9 /* CustomTitleView.swift in Sources */,
				7C9ADC262A1B7E6200A42515 /* SparklineIn7DMO+CoreDataProperties.swift in Sources */,
				7C9ADC252A1B7E6200A42515 /* SparklineIn7DMO+CoreDataClass.swift in Sources */,
				63C74D4629EC8DE00040E52C /* Double.swift in Sources */,
				7C9ADC232A1B7E6200A42515 /* CoinMO+CoreDataClass.swift in Sources */,
				7CF419472A2EA6C800F89D60 /* PercentChangeButtonState.swift in Sources */,
				7CEFBCC02A29224A0058FD42 /* DetailViewPresenter.swift in Sources */,
				63C74D3F29EC29D20040E52C /* Coin.swift in Sources */,
			);
			runOnlyForDeploymentPostprocessing = 0;
		};
/* End PBXSourcesBuildPhase section */

/* Begin PBXVariantGroup section */
		9A191BFB29C66A5900E88891 /* LaunchScreen.storyboard */ = {
			isa = PBXVariantGroup;
			children = (
				9A191BFC29C66A5900E88891 /* Base */,
			);
			name = LaunchScreen.storyboard;
			sourceTree = "<group>";
		};
/* End PBXVariantGroup section */

/* Begin XCBuildConfiguration section */
		9A191BFF29C66A5900E88891 /* Debug */ = {
			isa = XCBuildConfiguration;
			buildSettings = {
				ALWAYS_SEARCH_USER_PATHS = NO;
				CLANG_ANALYZER_NONNULL = YES;
				CLANG_ANALYZER_NUMBER_OBJECT_CONVERSION = YES_AGGRESSIVE;
				CLANG_CXX_LANGUAGE_STANDARD = "gnu++20";
				CLANG_ENABLE_MODULES = YES;
				CLANG_ENABLE_OBJC_ARC = YES;
				CLANG_ENABLE_OBJC_WEAK = YES;
				CLANG_WARN_BLOCK_CAPTURE_AUTORELEASING = YES;
				CLANG_WARN_BOOL_CONVERSION = YES;
				CLANG_WARN_COMMA = YES;
				CLANG_WARN_CONSTANT_CONVERSION = YES;
				CLANG_WARN_DEPRECATED_OBJC_IMPLEMENTATIONS = YES;
				CLANG_WARN_DIRECT_OBJC_ISA_USAGE = YES_ERROR;
				CLANG_WARN_DOCUMENTATION_COMMENTS = YES;
				CLANG_WARN_EMPTY_BODY = YES;
				CLANG_WARN_ENUM_CONVERSION = YES;
				CLANG_WARN_INFINITE_RECURSION = YES;
				CLANG_WARN_INT_CONVERSION = YES;
				CLANG_WARN_NON_LITERAL_NULL_CONVERSION = YES;
				CLANG_WARN_OBJC_IMPLICIT_RETAIN_SELF = YES;
				CLANG_WARN_OBJC_LITERAL_CONVERSION = YES;
				CLANG_WARN_OBJC_ROOT_CLASS = YES_ERROR;
				CLANG_WARN_QUOTED_INCLUDE_IN_FRAMEWORK_HEADER = YES;
				CLANG_WARN_RANGE_LOOP_ANALYSIS = YES;
				CLANG_WARN_STRICT_PROTOTYPES = YES;
				CLANG_WARN_SUSPICIOUS_MOVE = YES;
				CLANG_WARN_UNGUARDED_AVAILABILITY = YES_AGGRESSIVE;
				CLANG_WARN_UNREACHABLE_CODE = YES;
				CLANG_WARN__DUPLICATE_METHOD_MATCH = YES;
				COPY_PHASE_STRIP = NO;
				DEBUG_INFORMATION_FORMAT = dwarf;
				ENABLE_STRICT_OBJC_MSGSEND = YES;
				ENABLE_TESTABILITY = YES;
				GCC_C_LANGUAGE_STANDARD = gnu11;
				GCC_DYNAMIC_NO_PIC = NO;
				GCC_NO_COMMON_BLOCKS = YES;
				GCC_OPTIMIZATION_LEVEL = 0;
				GCC_PREPROCESSOR_DEFINITIONS = (
					"DEBUG=1",
					"$(inherited)",
				);
				GCC_WARN_64_TO_32_BIT_CONVERSION = YES;
				GCC_WARN_ABOUT_RETURN_TYPE = YES_ERROR;
				GCC_WARN_UNDECLARED_SELECTOR = YES;
				GCC_WARN_UNINITIALIZED_AUTOS = YES_AGGRESSIVE;
				GCC_WARN_UNUSED_FUNCTION = YES;
				GCC_WARN_UNUSED_VARIABLE = YES;
				IPHONEOS_DEPLOYMENT_TARGET = 16.2;
				MTL_ENABLE_DEBUG_INFO = INCLUDE_SOURCE;
				MTL_FAST_MATH = YES;
				ONLY_ACTIVE_ARCH = YES;
				SDKROOT = iphoneos;
				SWIFT_ACTIVE_COMPILATION_CONDITIONS = DEBUG;
				SWIFT_OPTIMIZATION_LEVEL = "-Onone";
			};
			name = Debug;
		};
		9A191C0029C66A5900E88891 /* Release */ = {
			isa = XCBuildConfiguration;
			buildSettings = {
				ALWAYS_SEARCH_USER_PATHS = NO;
				CLANG_ANALYZER_NONNULL = YES;
				CLANG_ANALYZER_NUMBER_OBJECT_CONVERSION = YES_AGGRESSIVE;
				CLANG_CXX_LANGUAGE_STANDARD = "gnu++20";
				CLANG_ENABLE_MODULES = YES;
				CLANG_ENABLE_OBJC_ARC = YES;
				CLANG_ENABLE_OBJC_WEAK = YES;
				CLANG_WARN_BLOCK_CAPTURE_AUTORELEASING = YES;
				CLANG_WARN_BOOL_CONVERSION = YES;
				CLANG_WARN_COMMA = YES;
				CLANG_WARN_CONSTANT_CONVERSION = YES;
				CLANG_WARN_DEPRECATED_OBJC_IMPLEMENTATIONS = YES;
				CLANG_WARN_DIRECT_OBJC_ISA_USAGE = YES_ERROR;
				CLANG_WARN_DOCUMENTATION_COMMENTS = YES;
				CLANG_WARN_EMPTY_BODY = YES;
				CLANG_WARN_ENUM_CONVERSION = YES;
				CLANG_WARN_INFINITE_RECURSION = YES;
				CLANG_WARN_INT_CONVERSION = YES;
				CLANG_WARN_NON_LITERAL_NULL_CONVERSION = YES;
				CLANG_WARN_OBJC_IMPLICIT_RETAIN_SELF = YES;
				CLANG_WARN_OBJC_LITERAL_CONVERSION = YES;
				CLANG_WARN_OBJC_ROOT_CLASS = YES_ERROR;
				CLANG_WARN_QUOTED_INCLUDE_IN_FRAMEWORK_HEADER = YES;
				CLANG_WARN_RANGE_LOOP_ANALYSIS = YES;
				CLANG_WARN_STRICT_PROTOTYPES = YES;
				CLANG_WARN_SUSPICIOUS_MOVE = YES;
				CLANG_WARN_UNGUARDED_AVAILABILITY = YES_AGGRESSIVE;
				CLANG_WARN_UNREACHABLE_CODE = YES;
				CLANG_WARN__DUPLICATE_METHOD_MATCH = YES;
				COPY_PHASE_STRIP = NO;
				DEBUG_INFORMATION_FORMAT = "dwarf-with-dsym";
				ENABLE_NS_ASSERTIONS = NO;
				ENABLE_STRICT_OBJC_MSGSEND = YES;
				GCC_C_LANGUAGE_STANDARD = gnu11;
				GCC_NO_COMMON_BLOCKS = YES;
				GCC_WARN_64_TO_32_BIT_CONVERSION = YES;
				GCC_WARN_ABOUT_RETURN_TYPE = YES_ERROR;
				GCC_WARN_UNDECLARED_SELECTOR = YES;
				GCC_WARN_UNINITIALIZED_AUTOS = YES_AGGRESSIVE;
				GCC_WARN_UNUSED_FUNCTION = YES;
				GCC_WARN_UNUSED_VARIABLE = YES;
				IPHONEOS_DEPLOYMENT_TARGET = 16.2;
				MTL_ENABLE_DEBUG_INFO = NO;
				MTL_FAST_MATH = YES;
				SDKROOT = iphoneos;
				SWIFT_COMPILATION_MODE = wholemodule;
				SWIFT_OPTIMIZATION_LEVEL = "-O";
				VALIDATE_PRODUCT = YES;
			};
			name = Release;
		};
		9A191C0229C66A5900E88891 /* Debug */ = {
			isa = XCBuildConfiguration;
			baseConfigurationReference = ED2AE1782135A0DE265A705C /* Pods-TokenTrek.debug.xcconfig */;
			buildSettings = {
				ASSETCATALOG_COMPILER_APPICON_NAME = AppIcon;
				ASSETCATALOG_COMPILER_GLOBAL_ACCENT_COLOR_NAME = AccentColor;
				CODE_SIGN_STYLE = Automatic;
				CURRENT_PROJECT_VERSION = 1;
				GENERATE_INFOPLIST_FILE = YES;
				INFOPLIST_FILE = TokenTrek/Info.plist;
				INFOPLIST_KEY_UIApplicationSupportsIndirectInputEvents = YES;
				INFOPLIST_KEY_UILaunchStoryboardName = LaunchScreen;
				INFOPLIST_KEY_UISupportedInterfaceOrientations_iPad = "UIInterfaceOrientationPortrait UIInterfaceOrientationPortraitUpsideDown UIInterfaceOrientationLandscapeLeft UIInterfaceOrientationLandscapeRight";
				INFOPLIST_KEY_UISupportedInterfaceOrientations_iPhone = "UIInterfaceOrientationPortrait UIInterfaceOrientationLandscapeLeft UIInterfaceOrientationLandscapeRight";
				IPHONEOS_DEPLOYMENT_TARGET = 14.0;
				LD_RUNPATH_SEARCH_PATHS = (
					"$(inherited)",
					"@executable_path/Frameworks",
				);
				MARKETING_VERSION = 1.0;
				PRODUCT_BUNDLE_IDENTIFIER = com.TokenTrek;
				PRODUCT_NAME = "$(TARGET_NAME)";
				SWIFT_EMIT_LOC_STRINGS = YES;
				SWIFT_VERSION = 5.0;
				TARGETED_DEVICE_FAMILY = "1,2";
			};
			name = Debug;
		};
		9A191C0329C66A5900E88891 /* Release */ = {
			isa = XCBuildConfiguration;
			baseConfigurationReference = 8D34D8C47A1B9CE1AC49DA69 /* Pods-TokenTrek.release.xcconfig */;
			buildSettings = {
				ASSETCATALOG_COMPILER_APPICON_NAME = AppIcon;
				ASSETCATALOG_COMPILER_GLOBAL_ACCENT_COLOR_NAME = AccentColor;
				CODE_SIGN_STYLE = Automatic;
				CURRENT_PROJECT_VERSION = 1;
				GENERATE_INFOPLIST_FILE = YES;
				INFOPLIST_FILE = TokenTrek/Info.plist;
				INFOPLIST_KEY_UIApplicationSupportsIndirectInputEvents = YES;
				INFOPLIST_KEY_UILaunchStoryboardName = LaunchScreen;
				INFOPLIST_KEY_UISupportedInterfaceOrientations_iPad = "UIInterfaceOrientationPortrait UIInterfaceOrientationPortraitUpsideDown UIInterfaceOrientationLandscapeLeft UIInterfaceOrientationLandscapeRight";
				INFOPLIST_KEY_UISupportedInterfaceOrientations_iPhone = "UIInterfaceOrientationPortrait UIInterfaceOrientationLandscapeLeft UIInterfaceOrientationLandscapeRight";
				IPHONEOS_DEPLOYMENT_TARGET = 14.0;
				LD_RUNPATH_SEARCH_PATHS = (
					"$(inherited)",
					"@executable_path/Frameworks",
				);
				MARKETING_VERSION = 1.0;
				PRODUCT_BUNDLE_IDENTIFIER = com.TokenTrek;
				PRODUCT_NAME = "$(TARGET_NAME)";
				SWIFT_EMIT_LOC_STRINGS = YES;
				SWIFT_VERSION = 5.0;
				TARGETED_DEVICE_FAMILY = "1,2";
			};
			name = Release;
		};
/* End XCBuildConfiguration section */

/* Begin XCConfigurationList section */
		9A191BE529C66A5700E88891 /* Build configuration list for PBXProject "TokenTrek" */ = {
			isa = XCConfigurationList;
			buildConfigurations = (
				9A191BFF29C66A5900E88891 /* Debug */,
				9A191C0029C66A5900E88891 /* Release */,
			);
			defaultConfigurationIsVisible = 0;
			defaultConfigurationName = Release;
		};
		9A191C0129C66A5900E88891 /* Build configuration list for PBXNativeTarget "TokenTrek" */ = {
			isa = XCConfigurationList;
			buildConfigurations = (
				9A191C0229C66A5900E88891 /* Debug */,
				9A191C0329C66A5900E88891 /* Release */,
			);
			defaultConfigurationIsVisible = 0;
			defaultConfigurationName = Release;
		};
/* End XCConfigurationList section */

/* Begin XCVersionGroup section */
		7C990D4D2A1B77CF00997657 /* TokenTrek.xcdatamodeld */ = {
			isa = XCVersionGroup;
			children = (
				7C990D4E2A1B77CF00997657 /* TokenTrek.xcdatamodel */,
			);
			currentVersion = 7C990D4E2A1B77CF00997657 /* TokenTrek.xcdatamodel */;
			path = TokenTrek.xcdatamodeld;
			sourceTree = "<group>";
			versionGroupType = wrapper.xcdatamodel;
		};
/* End XCVersionGroup section */
	};
	rootObject = 9A191BE229C66A5700E88891 /* Project object */;
}
